
Microsoft Visual Studio Solution File, Format Version 12.00
# Visual Studio 2013
VisualStudioVersion = 12.0.21005.1
MinimumVisualStudioVersion = 10.0.40219.1
Project("{FAE04EC0-301F-11D3-BF4B-00C04F79EFBC}") = "Web", "Web\Web.csproj", "{8759C446-56F6-4E99-8A96-97FC59539712}"
EndProject
Project("{FAE04EC0-301F-11D3-BF4B-00C04F79EFBC}") = "Model", "Model\Model.csproj", "{19E45D93-C437-49EB-90FD-6856AA6E8A7A}"
EndProject
Project("{FAE04EC0-301F-11D3-BF4B-00C04F79EFBC}") = "Services", "Services\Services.csproj", "{2BFBA44A-D295-4501-97D8-B3613937D8EB}"
EndProject
Project("{FAE04EC0-301F-11D3-BF4B-00C04F79EFBC}") = "WebApplicationTemp", "WebApplicationTemp\WebApplicationTemp.csproj", "{A15E2CBA-443C-4700-A195-8B00FC31473E}"
EndProject
Project("{FAE04EC0-301F-11D3-BF4B-00C04F79EFBC}") = "DataTemplate", "DataTemplate\DataTemplate.csproj", "{BFD4BF20-C5C5-47F8-A84E-B5BB14838CD9}"
EndProject
Global
	GlobalSection(SolutionConfigurationPlatforms) = preSolution
		Debug|Any CPU = Debug|Any CPU
		Release|Any CPU = Release|Any CPU
	EndGlobalSection
	GlobalSection(ProjectConfigurationPlatforms) = postSolution
		{8759C446-56F6-4E99-8A96-97FC59539712}.Debug|Any CPU.ActiveCfg = Debug|Any CPU
		{8759C446-56F6-4E99-8A96-97FC59539712}.Debug|Any CPU.Build.0 = Debug|Any CPU
		{8759C446-56F6-4E99-8A96-97FC59539712}.Release|Any CPU.ActiveCfg = Release|Any CPU
		{8759C446-56F6-4E99-8A96-97FC59539712}.Release|Any CPU.Build.0 = Release|Any CPU
		{19E45D93-C437-49EB-90FD-6856AA6E8A7A}.Debug|Any CPU.ActiveCfg = Debug|Any CPU
		{19E45D93-C437-49EB-90FD-6856AA6E8A7A}.Debug|Any CPU.Build.0 = Debug|Any CPU
		{19E45D93-C437-49EB-90FD-6856AA6E8A7A}.Release|Any CPU.ActiveCfg = Release|Any CPU
		{19E45D93-C437-49EB-90FD-6856AA6E8A7A}.Release|Any CPU.Build.0 = Release|Any CPU
		{2BFBA44A-D295-4501-97D8-B3613937D8EB}.Debug|Any CPU.ActiveCfg = Debug|Any CPU
		{2BFBA44A-D295-4501-97D8-B3613937D8EB}.Debug|Any CPU.Build.0 = Debug|Any CPU
		{2BFBA44A-D295-4501-97D8-B3613937D8EB}.Release|Any CPU.ActiveCfg = Release|Any CPU
		{2BFBA44A-D295-4501-97D8-B3613937D8EB}.Release|Any CPU.Build.0 = Release|Any CPU
		{A15E2CBA-443C-4700-A195-8B00FC31473E}.Debug|Any CPU.ActiveCfg = Debug|Any CPU
		{A15E2CBA-443C-4700-A195-8B00FC31473E}.Debug|Any CPU.Build.0 = Debug|Any CPU
		{A15E2CBA-443C-4700-A195-8B00FC31473E}.Release|Any CPU.ActiveCfg = Release|Any CPU
		{A15E2CBA-443C-4700-A195-8B00FC31473E}.Release|Any CPU.Build.0 = Release|Any CPU
		{BFD4BF20-C5C5-47F8-A84E-B5BB14838CD9}.Debug|Any CPU.ActiveCfg = Debug|Any CPU
		{BFD4BF20-C5C5-47F8-A84E-B5BB14838CD9}.Debug|Any CPU.Build.0 = Debug|Any CPU
		{BFD4BF20-C5C5-47F8-A84E-B5BB14838CD9}.Release|Any CPU.ActiveCfg = Release|Any CPU
		{BFD4BF20-C5C5-47F8-A84E-B5BB14838CD9}.Release|Any CPU.Build.0 = Release|Any CPU
	EndGlobalSection
	GlobalSection(SolutionProperties) = preSolution
		HideSolutionNode = FALSE
	EndGlobalSection
EndGlobal
